// !$*UTF8*$!
{
	archiveVersion = 1;
	classes = {
	};
	objectVersion = 46;
	objects = {

/* Begin PBXBuildFile section */
		F42B535B1485092400563B55 /* HSSlider.m in Sources */ = {isa = PBXBuildFile; fileRef = F42B535A1485092400563B55 /* HSSlider.m */; };
		F4443E41148078F300B35F2D /* UIKit.framework in Frameworks */ = {isa = PBXBuildFile; fileRef = F4443E40148078F300B35F2D /* UIKit.framework */; };
		F4443E43148078F300B35F2D /* Foundation.framework in Frameworks */ = {isa = PBXBuildFile; fileRef = F4443E42148078F300B35F2D /* Foundation.framework */; };
		F4443E45148078F300B35F2D /* CoreGraphics.framework in Frameworks */ = {isa = PBXBuildFile; fileRef = F4443E44148078F300B35F2D /* CoreGraphics.framework */; };
		F4443E4B148078F300B35F2D /* InfoPlist.strings in Resources */ = {isa = PBXBuildFile; fileRef = F4443E49148078F300B35F2D /* InfoPlist.strings */; };
		F4443E4D148078F300B35F2D /* main.m in Sources */ = {isa = PBXBuildFile; fileRef = F4443E4C148078F300B35F2D /* main.m */; };
		F4443E51148078F300B35F2D /* HSAppDelegate.m in Sources */ = {isa = PBXBuildFile; fileRef = F4443E50148078F300B35F2D /* HSAppDelegate.m */; };
		F4443E591480791200B35F2D /* HSPlayerView.m in Sources */ = {isa = PBXBuildFile; fileRef = F4443E581480791200B35F2D /* HSPlayerView.m */; };
		F4443E5B148079A800B35F2D /* AVFoundation.framework in Frameworks */ = {isa = PBXBuildFile; fileRef = F4443E5A148079A800B35F2D /* AVFoundation.framework */; };
		F4443E6514809D3900B35F2D /* HSPlayerViewController.m in Sources */ = {isa = PBXBuildFile; fileRef = F4443E6414809D3900B35F2D /* HSPlayerViewController.m */; };
		F4443E6D1481107A00B35F2D /* CoreMedia.framework in Frameworks */ = {isa = PBXBuildFile; fileRef = F4443E6C1481107A00B35F2D /* CoreMedia.framework */; };
		F4443E6F1481108200B35F2D /* QuartzCore.framework in Frameworks */ = {isa = PBXBuildFile; fileRef = F4443E6E1481108200B35F2D /* QuartzCore.framework */; };
		F46E22811482B58D00D3CE85 /* MediaPlayer.framework in Frameworks */ = {isa = PBXBuildFile; fileRef = F46E22801482B58D00D3CE85 /* MediaPlayer.framework */; };
/* End PBXBuildFile section */

/* Begin PBXFileReference section */
		F42B53591485092400563B55 /* HSSlider.h */ = {isa = PBXFileReference; fileEncoding = 4; lastKnownFileType = sourcecode.c.h; path = HSSlider.h; sourceTree = "<group>"; };
		F42B535A1485092400563B55 /* HSSlider.m */ = {isa = PBXFileReference; fileEncoding = 4; lastKnownFileType = sourcecode.c.objc; path = HSSlider.m; sourceTree = "<group>"; };
		F4443E3C148078F300B35F2D /* HSPlayer.app */ = {isa = PBXFileReference; explicitFileType = wrapper.application; includeInIndex = 0; path = HSPlayer.app; sourceTree = BUILT_PRODUCTS_DIR; };
		F4443E40148078F300B35F2D /* UIKit.framework */ = {isa = PBXFileReference; lastKnownFileType = wrapper.framework; name = UIKit.framework; path = System/Library/Frameworks/UIKit.framework; sourceTree = SDKROOT; };
		F4443E42148078F300B35F2D /* Foundation.framework */ = {isa = PBXFileReference; lastKnownFileType = wrapper.framework; name = Foundation.framework; path = System/Library/Frameworks/Foundation.framework; sourceTree = SDKROOT; };
		F4443E44148078F300B35F2D /* CoreGraphics.framework */ = {isa = PBXFileReference; lastKnownFileType = wrapper.framework; name = CoreGraphics.framework; path = System/Library/Frameworks/CoreGraphics.framework; sourceTree = SDKROOT; };
		F4443E48148078F300B35F2D /* HSPlayer-Info.plist */ = {isa = PBXFileReference; lastKnownFileType = text.plist.xml; path = "HSPlayer-Info.plist"; sourceTree = "<group>"; };
		F4443E4A148078F300B35F2D /* en */ = {isa = PBXFileReference; lastKnownFileType = text.plist.strings; name = en; path = en.lproj/InfoPlist.strings; sourceTree = "<group>"; };
		F4443E4C148078F300B35F2D /* main.m */ = {isa = PBXFileReference; lastKnownFileType = sourcecode.c.objc; path = main.m; sourceTree = "<group>"; };
		F4443E4E148078F300B35F2D /* HSPlayer-Prefix.pch */ = {isa = PBXFileReference; lastKnownFileType = sourcecode.c.h; path = "HSPlayer-Prefix.pch"; sourceTree = "<group>"; };
		F4443E4F148078F300B35F2D /* HSAppDelegate.h */ = {isa = PBXFileReference; lastKnownFileType = sourcecode.c.h; path = HSAppDelegate.h; sourceTree = "<group>"; };
		F4443E50148078F300B35F2D /* HSAppDelegate.m */ = {isa = PBXFileReference; lastKnownFileType = sourcecode.c.objc; path = HSAppDelegate.m; sourceTree = "<group>"; };
		F4443E571480791200B35F2D /* HSPlayerView.h */ = {isa = PBXFileReference; fileEncoding = 4; lastKnownFileType = sourcecode.c.h; path = HSPlayerView.h; sourceTree = "<group>"; };
		F4443E581480791200B35F2D /* HSPlayerView.m */ = {isa = PBXFileReference; fileEncoding = 4; lastKnownFileType = sourcecode.c.objc; path = HSPlayerView.m; sourceTree = "<group>"; };
		F4443E5A148079A800B35F2D /* AVFoundation.framework */ = {isa = PBXFileReference; lastKnownFileType = wrapper.framework; name = AVFoundation.framework; path = System/Library/Frameworks/AVFoundation.framework; sourceTree = SDKROOT; };
		F4443E6314809D3900B35F2D /* HSPlayerViewController.h */ = {isa = PBXFileReference; fileEncoding = 4; lastKnownFileType = sourcecode.c.h; path = HSPlayerViewController.h; sourceTree = "<group>"; };
		F4443E6414809D3900B35F2D /* HSPlayerViewController.m */ = {isa = PBXFileReference; fileEncoding = 4; lastKnownFileType = sourcecode.c.objc; path = HSPlayerViewController.m; sourceTree = "<group>"; };
		F4443E6C1481107A00B35F2D /* CoreMedia.framework */ = {isa = PBXFileReference; lastKnownFileType = wrapper.framework; name = CoreMedia.framework; path = System/Library/Frameworks/CoreMedia.framework; sourceTree = SDKROOT; };
		F4443E6E1481108200B35F2D /* QuartzCore.framework */ = {isa = PBXFileReference; lastKnownFileType = wrapper.framework; name = QuartzCore.framework; path = System/Library/Frameworks/QuartzCore.framework; sourceTree = SDKROOT; };
		F46E22801482B58D00D3CE85 /* MediaPlayer.framework */ = {isa = PBXFileReference; lastKnownFileType = wrapper.framework; name = MediaPlayer.framework; path = System/Library/Frameworks/MediaPlayer.framework; sourceTree = SDKROOT; };
/* End PBXFileReference section */

/* Begin PBXFrameworksBuildPhase section */
		F4443E39148078F300B35F2D /* Frameworks */ = {
			isa = PBXFrameworksBuildPhase;
			buildActionMask = 2147483647;
			files = (
				F46E22811482B58D00D3CE85 /* MediaPlayer.framework in Frameworks */,
				F4443E6F1481108200B35F2D /* QuartzCore.framework in Frameworks */,
				F4443E6D1481107A00B35F2D /* CoreMedia.framework in Frameworks */,
				F4443E5B148079A800B35F2D /* AVFoundation.framework in Frameworks */,
				F4443E41148078F300B35F2D /* UIKit.framework in Frameworks */,
				F4443E43148078F300B35F2D /* Foundation.framework in Frameworks */,
				F4443E45148078F300B35F2D /* CoreGraphics.framework in Frameworks */,
			);
			runOnlyForDeploymentPostprocessing = 0;
		};
/* End PBXFrameworksBuildPhase section */

/* Begin PBXGroup section */
		F42B53571485091500563B55 /* Player */ = {
			isa = PBXGroup;
			children = (
				F42B53591485092400563B55 /* HSSlider.h */,
				F42B535A1485092400563B55 /* HSSlider.m */,
				F4443E571480791200B35F2D /* HSPlayerView.h */,
				F4443E581480791200B35F2D /* HSPlayerView.m */,
			);
			name = Player;
			sourceTree = "<group>";
		};
		F4443E31148078F300B35F2D = {
			isa = PBXGroup;
			children = (
				F4443E46148078F300B35F2D /* HSPlayer */,
				F4443E3F148078F300B35F2D /* Frameworks */,
				F4443E3D148078F300B35F2D /* Products */,
			);
			sourceTree = "<group>";
		};
		F4443E3D148078F300B35F2D /* Products */ = {
			isa = PBXGroup;
			children = (
				F4443E3C148078F300B35F2D /* HSPlayer.app */,
			);
			name = Products;
			sourceTree = "<group>";
		};
		F4443E3F148078F300B35F2D /* Frameworks */ = {
			isa = PBXGroup;
			children = (
				F46E22801482B58D00D3CE85 /* MediaPlayer.framework */,
				F4443E6E1481108200B35F2D /* QuartzCore.framework */,
				F4443E6C1481107A00B35F2D /* CoreMedia.framework */,
				F4443E5A148079A800B35F2D /* AVFoundation.framework */,
				F4443E40148078F300B35F2D /* UIKit.framework */,
				F4443E42148078F300B35F2D /* Foundation.framework */,
				F4443E44148078F300B35F2D /* CoreGraphics.framework */,
			);
			name = Frameworks;
			sourceTree = "<group>";
		};
		F4443E46148078F300B35F2D /* HSPlayer */ = {
			isa = PBXGroup;
			children = (
				F42B53571485091500563B55 /* Player */,
				F4443E4F148078F300B35F2D /* HSAppDelegate.h */,
				F4443E50148078F300B35F2D /* HSAppDelegate.m */,
				F4443E47148078F300B35F2D /* Supporting Files */,
				F4443E6314809D3900B35F2D /* HSPlayerViewController.h */,
				F4443E6414809D3900B35F2D /* HSPlayerViewController.m */,
			);
			path = HSPlayer;
			sourceTree = "<group>";
		};
		F4443E47148078F300B35F2D /* Supporting Files */ = {
			isa = PBXGroup;
			children = (
				F4443E48148078F300B35F2D /* HSPlayer-Info.plist */,
				F4443E49148078F300B35F2D /* InfoPlist.strings */,
				F4443E4C148078F300B35F2D /* main.m */,
				F4443E4E148078F300B35F2D /* HSPlayer-Prefix.pch */,
			);
			name = "Supporting Files";
			sourceTree = "<group>";
		};
/* End PBXGroup section */

/* Begin PBXNativeTarget section */
		F4443E3B148078F300B35F2D /* HSPlayer */ = {
			isa = PBXNativeTarget;
			buildConfigurationList = F4443E54148078F300B35F2D /* Build configuration list for PBXNativeTarget "HSPlayer" */;
			buildPhases = (
				F4443E38148078F300B35F2D /* Sources */,
				F4443E39148078F300B35F2D /* Frameworks */,
				F4443E3A148078F300B35F2D /* Resources */,
			);
			buildRules = (
			);
			dependencies = (
			);
			name = HSPlayer;
			productName = HSPlayer;
			productReference = F4443E3C148078F300B35F2D /* HSPlayer.app */;
			productType = "com.apple.product-type.application";
		};
/* End PBXNativeTarget section */

/* Begin PBXProject section */
		F4443E33148078F300B35F2D /* Project object */ = {
			isa = PBXProject;
			attributes = {
				LastUpgradeCheck = 0420;
				ORGANIZATIONNAME = Doubleint;
			};
			buildConfigurationList = F4443E36148078F300B35F2D /* Build configuration list for PBXProject "HSPlayer" */;
			compatibilityVersion = "Xcode 3.2";
			developmentRegion = English;
			hasScannedForEncodings = 0;
			knownRegions = (
				en,
			);
			mainGroup = F4443E31148078F300B35F2D;
			productRefGroup = F4443E3D148078F300B35F2D /* Products */;
			projectDirPath = "";
			projectRoot = "";
			targets = (
				F4443E3B148078F300B35F2D /* HSPlayer */,
			);
		};
/* End PBXProject section */

/* Begin PBXResourcesBuildPhase section */
		F4443E3A148078F300B35F2D /* Resources */ = {
			isa = PBXResourcesBuildPhase;
			buildActionMask = 2147483647;
			files = (
				F4443E4B148078F300B35F2D /* InfoPlist.strings in Resources */,
			);
			runOnlyForDeploymentPostprocessing = 0;
		};
/* End PBXResourcesBuildPhase section */

/* Begin PBXSourcesBuildPhase section */
		F4443E38148078F300B35F2D /* Sources */ = {
			isa = PBXSourcesBuildPhase;
			buildActionMask = 2147483647;
			files = (
				F4443E4D148078F300B35F2D /* main.m in Sources */,
				F4443E51148078F300B35F2D /* HSAppDelegate.m in Sources */,
				F4443E591480791200B35F2D /* HSPlayerView.m in Sources */,
				F4443E6514809D3900B35F2D /* HSPlayerViewController.m in Sources */,
				F42B535B1485092400563B55 /* HSSlider.m in Sources */,
			);
			runOnlyForDeploymentPostprocessing = 0;
		};
/* End PBXSourcesBuildPhase section */

/* Begin PBXVariantGroup section */
		F4443E49148078F300B35F2D /* InfoPlist.strings */ = {
			isa = PBXVariantGroup;
			children = (
				F4443E4A148078F300B35F2D /* en */,
			);
			name = InfoPlist.strings;
			sourceTree = "<group>";
		};
/* End PBXVariantGroup section */

/* Begin XCBuildConfiguration section */
		F4443E52148078F300B35F2D /* Debug */ = {
			isa = XCBuildConfiguration;
			buildSettings = {
				ALWAYS_SEARCH_USER_PATHS = NO;
				ARCHS = "$(ARCHS_STANDARD_32_BIT)";
				CLANG_ENABLE_OBJC_ARC = YES;
				"CODE_SIGN_IDENTITY[sdk=iphoneos*]" = "iPhone Developer";
				COPY_PHASE_STRIP = NO;
				GCC_C_LANGUAGE_STANDARD = gnu99;
				GCC_DYNAMIC_NO_PIC = NO;
				GCC_OPTIMIZATION_LEVEL = 0;
				GCC_PREPROCESSOR_DEFINITIONS = (
					"DEBUG=1",
					"$(inherited)",
				);
				GCC_SYMBOLS_PRIVATE_EXTERN = NO;
				GCC_VERSION = com.apple.compilers.llvm.clang.1_0;
				GCC_WARN_ABOUT_MISSING_PROTOTYPES = YES;
				GCC_WARN_ABOUT_RETURN_TYPE = YES;
				GCC_WARN_UNUSED_VARIABLE = YES;
				IPHONEOS_DEPLOYMENT_TARGET = 4.0;
				SDKROOT = iphoneos;
			};
			name = Debug;
		};
		F4443E53148078F300B35F2D /* Release */ = {
			isa = XCBuildConfiguration;
			buildSettings = {
				ALWAYS_SEARCH_USER_PATHS = NO;
				ARCHS = "$(ARCHS_STANDARD_32_BIT)";
				CLANG_ENABLE_OBJC_ARC = YES;
				"CODE_SIGN_IDENTITY[sdk=iphoneos*]" = "iPhone Developer";
				COPY_PHASE_STRIP = YES;
				GCC_C_LANGUAGE_STANDARD = gnu99;
				GCC_VERSION = com.apple.compilers.llvm.clang.1_0;
				GCC_WARN_ABOUT_MISSING_PROTOTYPES = YES;
				GCC_WARN_ABOUT_RETURN_TYPE = YES;
				GCC_WARN_UNUSED_VARIABLE = YES;
				IPHONEOS_DEPLOYMENT_TARGET = 4.0;
				OTHER_CFLAGS = "-DNS_BLOCK_ASSERTIONS=1";
				SDKROOT = iphoneos;
				VALIDATE_PRODUCT = YES;
			};
			name = Release;
		};
		F4443E55148078F300B35F2D /* Debug */ = {
			isa = XCBuildConfiguration;
			buildSettings = {
				GCC_PRECOMPILE_PREFIX_HEADER = YES;
				GCC_PREFIX_HEADER = "HSPlayer/HSPlayer-Prefix.pch";
				INFOPLIST_FILE = "HSPlayer/HSPlayer-Info.plist";
				IPHONEOS_DEPLOYMENT_TARGET = 4.0;
				PRODUCT_NAME = "$(TARGET_NAME)";
				WRAPPER_EXTENSION = app;
			};
			name = Debug;
		};
		F4443E56148078F300B35F2D /* Release */ = {
			isa = XCBuildConfiguration;
			buildSettings = {
				GCC_PRECOMPILE_PREFIX_HEADER = YES;
				GCC_PREFIX_HEADER = "HSPlayer/HSPlayer-Prefix.pch";
				INFOPLIST_FILE = "HSPlayer/HSPlayer-Info.plist";
				IPHONEOS_DEPLOYMENT_TARGET = 4.0;
				PRODUCT_NAME = "$(TARGET_NAME)";
				WRAPPER_EXTENSION = app;
			};
			name = Release;
		};
/* End XCBuildConfiguration section */

/* Begin XCConfigurationList section */
		F4443E36148078F300B35F2D /* Build configuration list for PBXProject "HSPlayer" */ = {
			isa = XCConfigurationList;
			buildConfigurations = (
				F4443E52148078F300B35F2D /* Debug */,
				F4443E53148078F300B35F2D /* Release */,
			);
			defaultConfigurationIsVisible = 0;
			defaultConfigurationName = Release;
		};
		F4443E54148078F300B35F2D /* Build configuration list for PBXNativeTarget "HSPlayer" */ = {
			isa = XCConfigurationList;
			buildConfigurations = (
				F4443E55148078F300B35F2D /* Debug */,
				F4443E56148078F300B35F2D /* Release */,
			);
			defaultConfigurationIsVisible = 0;
			defaultConfigurationName = Release;
		};
/* End XCConfigurationList section */
	};
	rootObject = F4443E33148078F300B35F2D /* Project object */;
}
